GIT
  remote: https://github.com/delonnewman/time-of-day.git
  revision: 1ff568a54958849f3017a9b57c35590e4d5ca935
  specs:
    time-of-day (0.2.0)

GEM
  remote: https://rubygems.org/
  specs:
    zeitwerk (2.8.3)

PLATFORMS
  arm64-darwin-25
  ruby

DEPENDENCIES
  time-of-day!
  zeitwerk

CHECKSUMS
  bundler (4.0.18) sha256=02d9a17429de1847b4e0c9f27a9ee4b20c0a74c0a641b4e77195d6019e3618ac
  time-of-day (0.2.0)
  zeitwerk (2.8.3) sha256=2c85125a8467ce069e20123d1e709a08955c9d29c118c25b46b7b7fafdbb92e5

BUNDLED WITH
  4.0.18
